<?xml version="1.0" encoding="utf-8"?>
<Project ToolsVersion="4.0" xmlns="http://schemas.microsoft.com/developer/msbuild/2003">
  <ItemGroup>
    <Filter Include="Source Files">
      <UniqueIdentifier>{18915517-1e7b-472f-a764-f30e639004ea}</UniqueIdentifier>
      <Extensions>cpp;c;cxx;rc;def;r;odl;idl;hpj;bat</Extensions>
    </Filter>
    <Filter Include="Header Files">
      <UniqueIdentifier>{19208341-ba82-42f5-9a13-4cc16b35d243}</UniqueIdentifier>
      <Extensions>h;hpp;hxx;hm;inl</Extensions>
    </Filter>
    <Filter Include="Resource Files">
      <UniqueIdentifier>{a70ece59-85a9-4a00-92a1-514c694c6327}</UniqueIdentifier>
      <Extensions>ico;cur;bmp;dlg;rc2;rct;bin;rgs;gif;jpg;jpeg;jpe</Extensions>
    </Filter>
  </ItemGroup>
  <ItemGroup>
    <ClCompile Include="BaseSql.cpp">
      <Filter>Source Files</Filter>
    </ClCompile>
    <ClCompile Include="CmdProcess.cpp">
      <Filter>Source Files</Filter>
    </ClCompile>
    <ClCompile Include="CmdToRtServer.cpp">
      <Filter>Source Files</Filter>
    </ClCompile>
    <ClCompile Include="ComputerWatch.cpp">
      <Filter>Source Files</Filter>
    </ClCompile>
    <ClCompile Include="DataBase.cpp">
      <Filter>Source Files</Filter>
    </ClCompile>
    <ClCompile Include="DataValue.cpp">
      <Filter>Source Files</Filter>
    </ClCompile>
    <ClCompile Include="DBField.cpp">
      <Filter>Source Files</Filter>
    </ClCompile>
    <ClCompile Include="DBTable.cpp">
      <Filter>Source Files</Filter>
    </ClCompile>
    <ClCompile Include="EventEx.cpp">
      <Filter>Source Files</Filter>
    </ClCompile>
    <ClCompile Include="Formula.cpp">
      <Filter>Source Files</Filter>
    </ClCompile>
    <ClCompile Include="gFunction.cpp">
      <Filter>Source Files</Filter>
    </ClCompile>
    <ClCompile Include="GoBackOS.cpp">
      <Filter>Source Files</Filter>
    </ClCompile>
    <ClCompile Include="ID32Base.cpp">
      <Filter>Source Files</Filter>
    </ClCompile>
    <ClCompile Include="MsgDealer.cpp">
      <Filter>Source Files</Filter>
    </ClCompile>
    <ClCompile Include="MUdpWorker.cpp">
      <Filter>Source Files</Filter>
    </ClCompile>
    <ClCompile Include="MultiDataBase.cpp">
      <Filter>Source Files</Filter>
    </ClCompile>
    <ClCompile Include="MutexEx.cpp">
      <Filter>Source Files</Filter>
    </ClCompile>
    <ClCompile Include="ProcessEvent.cpp">
      <Filter>Source Files</Filter>
    </ClCompile>
    <ClCompile Include="RtdbDefFile.cpp">
      <Filter>Source Files</Filter>
    </ClCompile>
    <ClCompile Include="RtdbDefFileXml.cpp">
      <Filter>Source Files</Filter>
    </ClCompile>
    <ClCompile Include="RtdbDll.cpp">
      <Filter>Source Files</Filter>
    </ClCompile>
    <ClCompile Include="RtdbFile.cpp">
      <Filter>Source Files</Filter>
    </ClCompile>
    <ClCompile Include="RtdbFileXml.cpp">
      <Filter>Source Files</Filter>
    </ClCompile>
    <ClCompile Include="RtdbFtp.cpp">
      <Filter>Source Files</Filter>
    </ClCompile>
    <ClCompile Include="RtdbSql.cpp">
      <Filter>Source Files</Filter>
    </ClCompile>
    <ClCompile Include="ShareMemory.cpp">
      <Filter>Source Files</Filter>
    </ClCompile>
    <ClCompile Include="SocketEx.cpp">
      <Filter>Source Files</Filter>
    </ClCompile>
    <ClCompile Include="StdAfx.cpp">
      <Filter>Source Files</Filter>
    </ClCompile>
    <ClCompile Include="SysManager.cpp">
      <Filter>Source Files</Filter>
    </ClCompile>
    <ClCompile Include="SystemTable.cpp">
      <Filter>Source Files</Filter>
    </ClCompile>
    <ClCompile Include="TcpListener.cpp">
      <Filter>Source Files</Filter>
    </ClCompile>
    <ClCompile Include="TcpReceiver.cpp">
      <Filter>Source Files</Filter>
    </ClCompile>
    <ClCompile Include="TcpWorker.cpp">
      <Filter>Source Files</Filter>
    </ClCompile>
    <ClCompile Include="ThreadEvent.cpp">
      <Filter>Source Files</Filter>
    </ClCompile>
    <ClCompile Include="ThreadMutex.cpp">
      <Filter>Source Files</Filter>
    </ClCompile>
    <ClCompile Include="UdpWorker.cpp">
      <Filter>Source Files</Filter>
    </ClCompile>
    <ClCompile Include="md5.c">
      <Filter>Source Files</Filter>
    </ClCompile>
    <ClCompile Include="RtdbTabSave.cpp">
      <Filter>Source Files</Filter>
    </ClCompile>
  </ItemGroup>
  <ItemGroup>
    <None Include="res\icon1.ico">
      <Filter>Resource Files</Filter>
    </None>
    <None Include="res\icon2.ico">
      <Filter>Resource Files</Filter>
    </None>
    <None Include="res\RtdbDll.rc2">
      <Filter>Resource Files</Filter>
    </None>
    <None Include="ReadMe.txt" />
  </ItemGroup>
  <ItemGroup>
    <ResourceCompile Include="RtdbDll.rc">
      <Filter>Source Files</Filter>
    </ResourceCompile>
  </ItemGroup>
  <ItemGroup>
    <ClInclude Include="..\include\BaseSql.h">
      <Filter>Header Files</Filter>
    </ClInclude>
    <ClInclude Include="..\include\CmdProcess.h">
      <Filter>Header Files</Filter>
    </ClInclude>
    <ClInclude Include="..\include\CmdToRtServer.h">
      <Filter>Header Files</Filter>
    </ClInclude>
    <ClInclude Include="..\include\ComputerWatch.h">
      <Filter>Header Files</Filter>
    </ClInclude>
    <ClInclude Include="..\include\DataBase.h">
      <Filter>Header Files</Filter>
    </ClInclude>
    <ClInclude Include="..\include\DataValue.h">
      <Filter>Header Files</Filter>
    </ClInclude>
    <ClInclude Include="..\include\DBField.h">
      <Filter>Header Files</Filter>
    </ClInclude>
    <ClInclude Include="..\include\DBTable.h">
      <Filter>Header Files</Filter>
    </ClInclude>
    <ClInclude Include="..\include\EventEx.h">
      <Filter>Header Files</Filter>
    </ClInclude>
    <ClInclude Include="..\include\Formula.h">
      <Filter>Header Files</Filter>
    </ClInclude>
    <ClInclude Include="..\include\GoBackOS.h">
      <Filter>Header Files</Filter>
    </ClInclude>
    <ClInclude Include="ID32Base.h">
      <Filter>Header Files</Filter>
    </ClInclude>
    <ClInclude Include="..\include\MsgDealer.h">
      <Filter>Header Files</Filter>
    </ClInclude>
    <ClInclude Include="MUdpWorker.h">
      <Filter>Header Files</Filter>
    </ClInclude>
    <ClInclude Include="..\include\MultiDataBase.h">
      <Filter>Header Files</Filter>
    </ClInclude>
    <ClInclude Include="..\include\MutexEx.h">
      <Filter>Header Files</Filter>
    </ClInclude>
    <ClInclude Include="..\include\ProcessEvent.h">
      <Filter>Header Files</Filter>
    </ClInclude>
    <ClInclude Include="Resource.h">
      <Filter>Header Files</Filter>
    </ClInclude>
    <ClInclude Include="..\include\Rtdb_Struct.h">
      <Filter>Header Files</Filter>
    </ClInclude>
    <ClInclude Include="RtdbDefFile.h">
      <Filter>Header Files</Filter>
    </ClInclude>
    <ClInclude Include="..\include\RtdbDefFileXml.h">
      <Filter>Header Files</Filter>
    </ClInclude>
    <ClInclude Include="..\include\RtdbFile.h">
      <Filter>Header Files</Filter>
    </ClInclude>
    <ClInclude Include="..\include\RtdbFileXml.h">
      <Filter>Header Files</Filter>
    </ClInclude>
    <ClInclude Include="..\include\RtdbFtp.h">
      <Filter>Header Files</Filter>
    </ClInclude>
    <ClInclude Include="..\include\RtdbSql.h">
      <Filter>Header Files</Filter>
    </ClInclude>
    <ClInclude Include="..\include\ShareMemory.h">
      <Filter>Header Files</Filter>
    </ClInclude>
    <ClInclude Include="..\include\SocketEx.h">
      <Filter>Header Files</Filter>
    </ClInclude>
    <ClInclude Include="StdAfx.h">
      <Filter>Header Files</Filter>
    </ClInclude>
    <ClInclude Include="TcpListener.h">
      <Filter>Header Files</Filter>
    </ClInclude>
    <ClInclude Include="TcpReceiver.h">
      <Filter>Header Files</Filter>
    </ClInclude>
    <ClInclude Include="TcpWorker.h">
      <Filter>Header Files</Filter>
    </ClInclude>
    <ClInclude Include="..\include\ThreadEvent.h">
      <Filter>Header Files</Filter>
    </ClInclude>
    <ClInclude Include="..\include\ThreadMutex.h">
      <Filter>Header Files</Filter>
    </ClInclude>
    <ClInclude Include="UdpWorker.h">
      <Filter>Header Files</Filter>
    </ClInclude>
    <ClInclude Include="..\include\XmlHead.h">
      <Filter>Header Files</Filter>
    </ClInclude>
    <ClInclude Include="..\include\RtdbTabSave.h">
      <Filter>Header Files</Filter>
    </ClInclude>
  </ItemGroup>
  <ItemGroup>
    <CustomBuildStep Include="RtdbDll.def">
      <Filter>Source Files</Filter>
    </CustomBuildStep>
  </ItemGroup>
</Project>