<?xml version="1.0" encoding="utf-8"?>
<Project ToolsVersion="4.0" xmlns="http://schemas.microsoft.com/developer/msbuild/2003">
  <ItemGroup>
    <Filter Include="Source Files">
      <UniqueIdentifier>{6e72221c-9705-40af-a7b5-a6b4e3ae3636}</UniqueIdentifier>
      <Extensions>cpp;c;cxx;rc;def;r;odl;idl;hpj;bat</Extensions>
    </Filter>
    <Filter Include="Header Files">
      <UniqueIdentifier>{b13ebe9a-1a2d-46ba-836f-2491dfeeb97e}</UniqueIdentifier>
      <Extensions>h;hpp;hxx;hm;inl</Extensions>
    </Filter>
    <Filter Include="Resource Files">
      <UniqueIdentifier>{221270a6-bafd-4fc1-9cd4-26837f6742e6}</UniqueIdentifier>
      <Extensions>ico;cur;bmp;dlg;rc2;rct;bin;rgs;gif;jpg;jpeg;jpe</Extensions>
    </Filter>
  </ItemGroup>
  <ItemGroup>
    <ClCompile Include="FaultMsg.cpp">
      <Filter>Source Files</Filter>
    </ClCompile>
    <ClCompile Include="ScadaAPI.cpp">
      <Filter>Source Files</Filter>
    </ClCompile>
    <ClCompile Include="ScadaAPIs.cpp">
      <Filter>Source Files</Filter>
    </ClCompile>
    <ClCompile Include="ScadaProcess.cpp">
      <Filter>Source Files</Filter>
    </ClCompile>
    <ClCompile Include="StdAfx.cpp">
      <Filter>Source Files</Filter>
    </ClCompile>
    <ClCompile Include="Task.cpp">
      <Filter>Source Files</Filter>
    </ClCompile>
    <ClCompile Include="UpdateFields.cpp">
      <Filter>Source Files</Filter>
    </ClCompile>
  </ItemGroup>
  <ItemGroup>
    <None Include="res\ScadaAPI.rc2">
      <Filter>Resource Files</Filter>
    </None>
  </ItemGroup>
  <ItemGroup>
    <ResourceCompile Include="ScadaAPI.rc">
      <Filter>Source Files</Filter>
    </ResourceCompile>
  </ItemGroup>
  <ItemGroup>
    <ClInclude Include="..\include\Converse.h">
      <Filter>Header Files</Filter>
    </ClInclude>
    <ClInclude Include="FaultMsg.h">
      <Filter>Header Files</Filter>
    </ClInclude>
    <ClInclude Include="Resource.h">
      <Filter>Header Files</Filter>
    </ClInclude>
    <ClInclude Include="..\include\ScadaAPI.h">
      <Filter>Header Files</Filter>
    </ClInclude>
    <ClInclude Include="..\include\ScadaDefine.h">
      <Filter>Header Files</Filter>
    </ClInclude>
    <ClInclude Include="StdAfx.h">
      <Filter>Header Files</Filter>
    </ClInclude>
    <ClInclude Include="..\include\Task.h">
      <Filter>Header Files</Filter>
    </ClInclude>
    <ClInclude Include="UpdateFields.h">
      <Filter>Header Files</Filter>
    </ClInclude>
  </ItemGroup>
  <ItemGroup>
    <CustomBuildStep Include="ScadaAPI.def">
      <Filter>Source Files</Filter>
    </CustomBuildStep>
  </ItemGroup>
</Project>